
Microsoft Visual Studio Solution File, Format Version 12.00
# Visual Studio Version 17
VisualStudioVersion = 17.13.35818.85 d17.13
MinimumVisualStudioVersion = 10.0.40219.1
Project("{FAE04EC0-301F-11D3-BF4B-00C04F79EFBC}") = "gerenciador de contatos", "gerenciador de contatos\gerenciador de contatos.csproj", "{72CBAC7F-4B70-4BC3-A6E8-79FCBFCC070C}"
EndProject
Global
	GlobalSection(SolutionConfigurationPlatforms) = preSolution
		Debug|Any CPU = Debug|Any CPU
		Release|Any CPU = Release|Any CPU
	EndGlobalSection
	GlobalSection(ProjectConfigurationPlatforms) = postSolution
		{72CBAC7F-4B70-4BC3-A6E8-79FCBFCC070C}.Debug|Any CPU.ActiveCfg = Debug|Any CPU
		{72CBAC7F-4B70-4BC3-A6E8-79FCBFCC070C}.Debug|Any CPU.Build.0 = Debug|Any CPU
		{72CBAC7F-4B70-4BC3-A6E8-79FCBFCC070C}.Release|Any CPU.ActiveCfg = Release|Any CPU
		{72CBAC7F-4B70-4BC3-A6E8-79FCBFCC070C}.Release|Any CPU.Build.0 = Release|Any CPU
	EndGlobalSection
	GlobalSection(SolutionProperties) = preSolution
		HideSolutionNode = FALSE
	EndGlobalSection
	GlobalSection(ExtensibilityGlobals) = postSolution
		SolutionGuid = {289F9FF6-F970-4B45-AD25-5F4A9131CE27}
	EndGlobalSection
EndGlobal
